// !$*UTF8*$!
{
	archiveVersion = 1;
	classes = {
	};
	objectVersion = 46;
	objects = {

/* Begin PBXBuildFile section */
		1154F51D1F469B7800176245 /* Receipts.xcdatamodeld in Sources */ = {isa = PBXBuildFile; fileRef = 1154F51B1F469B7800176245 /* Receipts.xcdatamodeld */; };
		1171498B1F46216A00DFE050 /* main.m in Sources */ = {isa = PBXBuildFile; fileRef = 1171498A1F46216A00DFE050 /* main.m */; };
		1171498E1F46216A00DFE050 /* AppDelegate.m in Sources */ = {isa = PBXBuildFile; fileRef = 1171498D1F46216A00DFE050 /* AppDelegate.m */; };
		117149911F46216A00DFE050 /* ViewController.m in Sources */ = {isa = PBXBuildFile; fileRef = 117149901F46216A00DFE050 /* ViewController.m */; };
		117149941F46216A00DFE050 /* Main.storyboard in Resources */ = {isa = PBXBuildFile; fileRef = 117149921F46216A00DFE050 /* Main.storyboard */; };
		117149991F46216A00DFE050 /* Assets.xcassets in Resources */ = {isa = PBXBuildFile; fileRef = 117149981F46216A00DFE050 /* Assets.xcassets */; };
		1171499C1F46216A00DFE050 /* LaunchScreen.storyboard in Resources */ = {isa = PBXBuildFile; fileRef = 1171499A1F46216A00DFE050 /* LaunchScreen.storyboard */; };
		117149A51F46268F00DFE050 /* DetailedViewController.m in Sources */ = {isa = PBXBuildFile; fileRef = 117149A41F46268F00DFE050 /* DetailedViewController.m */; };
		117149AB1F46396300DFE050 /* CoreData.framework in Frameworks */ = {isa = PBXBuildFile; fileRef = 117149AA1F46396300DFE050 /* CoreData.framework */; };
/* End PBXBuildFile section */

/* Begin PBXFileReference section */
		1154F51C1F469B7800176245 /* Receipts.xcdatamodel */ = {isa = PBXFileReference; lastKnownFileType = wrapper.xcdatamodel; path = Receipts.xcdatamodel; sourceTree = "<group>"; };
		117149861F46216A00DFE050 /* Recipts.app */ = {isa = PBXFileReference; explicitFileType = wrapper.application; includeInIndex = 0; path = Recipts.app; sourceTree = BUILT_PRODUCTS_DIR; };
		1171498A1F46216A00DFE050 /* main.m */ = {isa = PBXFileReference; lastKnownFileType = sourcecode.c.objc; path = main.m; sourceTree = "<group>"; };
		1171498C1F46216A00DFE050 /* AppDelegate.h */ = {isa = PBXFileReference; lastKnownFileType = sourcecode.c.h; path = AppDelegate.h; sourceTree = "<group>"; };
		1171498D1F46216A00DFE050 /* AppDelegate.m */ = {isa = PBXFileReference; lastKnownFileType = sourcecode.c.objc; path = AppDelegate.m; sourceTree = "<group>"; };
		1171498F1F46216A00DFE050 /* ViewController.h */ = {isa = PBXFileReference; lastKnownFileType = sourcecode.c.h; path = ViewController.h; sourceTree = "<group>"; };
		117149901F46216A00DFE050 /* ViewController.m */ = {isa = PBXFileReference; lastKnownFileType = sourcecode.c.objc; path = ViewController.m; sourceTree = "<group>"; };
		117149931F46216A00DFE050 /* Base */ = {isa = PBXFileReference; lastKnownFileType = file.storyboard; name = Base; path = Base.lproj/Main.storyboard; sourceTree = "<group>"; };
		117149981F46216A00DFE050 /* Assets.xcassets */ = {isa = PBXFileReference; lastKnownFileType = folder.assetcatalog; path = Assets.xcassets; sourceTree = "<group>"; };
		1171499B1F46216A00DFE050 /* Base */ = {isa = PBXFileReference; lastKnownFileType = file.storyboard; name = Base; path = Base.lproj/LaunchScreen.storyboard; sourceTree = "<group>"; };
		1171499D1F46216A00DFE050 /* Info.plist */ = {isa = PBXFileReference; lastKnownFileType = text.plist.xml; path = Info.plist; sourceTree = "<group>"; };
		117149A31F46268F00DFE050 /* DetailedViewController.h */ = {isa = PBXFileReference; fileEncoding = 4; lastKnownFileType = sourcecode.c.h; path = DetailedViewController.h; sourceTree = "<group>"; };
		117149A41F46268F00DFE050 /* DetailedViewController.m */ = {isa = PBXFileReference; fileEncoding = 4; lastKnownFileType = sourcecode.c.objc; path = DetailedViewController.m; sourceTree = "<group>"; };
		117149AA1F46396300DFE050 /* CoreData.framework */ = {isa = PBXFileReference; lastKnownFileType = wrapper.framework; name = CoreData.framework; path = System/Library/Frameworks/CoreData.framework; sourceTree = SDKROOT; };
/* End PBXFileReference section */

/* Begin PBXFrameworksBuildPhase section */
		117149831F46216A00DFE050 /* Frameworks */ = {
			isa = PBXFrameworksBuildPhase;
			buildActionMask = 2147483647;
			files = (
				117149AB1F46396300DFE050 /* CoreData.framework in Frameworks */,
			);
			runOnlyForDeploymentPostprocessing = 0;
		};
/* End PBXFrameworksBuildPhase section */

/* Begin PBXGroup section */
		1171497D1F46216A00DFE050 = {
			isa = PBXGroup;
			children = (
				117149881F46216A00DFE050 /* Recipts */,
				117149871F46216A00DFE050 /* Products */,
				117149A91F46396300DFE050 /* Frameworks */,
			);
			sourceTree = "<group>";
		};
		117149871F46216A00DFE050 /* Products */ = {
			isa = PBXGroup;
			children = (
				117149861F46216A00DFE050 /* Recipts.app */,
			);
			name = Products;
			sourceTree = "<group>";
		};
		117149881F46216A00DFE050 /* Recipts */ = {
			isa = PBXGroup;
			children = (
				1171498C1F46216A00DFE050 /* AppDelegate.h */,
				1171498D1F46216A00DFE050 /* AppDelegate.m */,
				117149A31F46268F00DFE050 /* DetailedViewController.h */,
				117149A41F46268F00DFE050 /* DetailedViewController.m */,
				1171498F1F46216A00DFE050 /* ViewController.h */,
				117149901F46216A00DFE050 /* ViewController.m */,
				117149921F46216A00DFE050 /* Main.storyboard */,
				117149981F46216A00DFE050 /* Assets.xcassets */,
				1171499A1F46216A00DFE050 /* LaunchScreen.storyboard */,
				1171499D1F46216A00DFE050 /* Info.plist */,
				117149891F46216A00DFE050 /* Supporting Files */,
				1154F51B1F469B7800176245 /* Receipts.xcdatamodeld */,
			);
			path = Recipts;
			sourceTree = "<group>";
		};
		117149891F46216A00DFE050 /* Supporting Files */ = {
			isa = PBXGroup;
			children = (
				1171498A1F46216A00DFE050 /* main.m */,
			);
			name = "Supporting Files";
			sourceTree = "<group>";
		};
		117149A91F46396300DFE050 /* Frameworks */ = {
			isa = PBXGroup;
			children = (
				117149AA1F46396300DFE050 /* CoreData.framework */,
			);
			name = Frameworks;
			sourceTree = "<group>";
		};
/* End PBXGroup section */

/* Begin PBXNativeTarget section */
		117149851F46216A00DFE050 /* Recipts */ = {
			isa = PBXNativeTarget;
			buildConfigurationList = 117149A01F46216A00DFE050 /* Build configuration list for PBXNativeTarget "Recipts" */;
			buildPhases = (
				117149821F46216A00DFE050 /* Sources */,
				117149831F46216A00DFE050 /* Frameworks */,
				117149841F46216A00DFE050 /* Resources */,
			);
			buildRules = (
			);
			dependencies = (
			);
			name = Recipts;
			productName = Recipts;
			productReference = 117149861F46216A00DFE050 /* Recipts.app */;
			productType = "com.apple.product-type.application";
		};
/* End PBXNativeTarget section */

/* Begin PBXProject section */
		1171497E1F46216A00DFE050 /* Project object */ = {
			isa = PBXProject;
			attributes = {
				LastUpgradeCheck = 0820;
				ORGANIZATIONNAME = "Mohammad Shahzaib Ather";
				TargetAttributes = {
					117149851F46216A00DFE050 = {
						CreatedOnToolsVersion = 8.2.1;
						ProvisioningStyle = Automatic;
					};
				};
			};
			buildConfigurationList = 117149811F46216A00DFE050 /* Build configuration list for PBXProject "Recipts" */;
			compatibilityVersion = "Xcode 3.2";
			developmentRegion = English;
			hasScannedForEncodings = 0;
			knownRegions = (
				en,
				Base,
			);
			mainGroup = 1171497D1F46216A00DFE050;
			productRefGroup = 117149871F46216A00DFE050 /* Products */;
			projectDirPath = "";
			projectRoot = "";
			targets = (
				117149851F46216A00DFE050 /* Recipts */,
			);
		};
/* End PBXProject section */

/* Begin PBXResourcesBuildPhase section */
		117149841F46216A00DFE050 /* Resources */ = {
			isa = PBXResourcesBuildPhase;
			buildActionMask = 2147483647;
			files = (
				1171499C1F46216A00DFE050 /* LaunchScreen.storyboard in Resources */,
				117149991F46216A00DFE050 /* Assets.xcassets in Resources */,
				117149941F46216A00DFE050 /* Main.storyboard in Resources */,
			);
			runOnlyForDeploymentPostprocessing = 0;
		};
/* End PBXResourcesBuildPhase section */

/* Begin PBXSourcesBuildPhase section */
		117149821F46216A00DFE050 /* Sources */ = {
			isa = PBXSourcesBuildPhase;
			buildActionMask = 2147483647;
			files = (
				1154F51D1F469B7800176245 /* Receipts.xcdatamodeld in Sources */,
				117149911F46216A00DFE050 /* ViewController.m in Sources */,
				1171498E1F46216A00DFE050 /* AppDelegate.m in Sources */,
				1171498B1F46216A00DFE050 /* main.m in Sources */,
				117149A51F46268F00DFE050 /* DetailedViewController.m in Sources */,
			);
			runOnlyForDeploymentPostprocessing = 0;
		};
/* End PBXSourcesBuildPhase section */

/* Begin PBXVariantGroup section */
		117149921F46216A00DFE050 /* Main.storyboard */ = {
			isa = PBXVariantGroup;
			children = (
				117149931F46216A00DFE050 /* Base */,
			);
			name = Main.storyboard;
			sourceTree = "<group>";
		};
		1171499A1F46216A00DFE050 /* LaunchScreen.storyboard */ = {
			isa = PBXVariantGroup;
			children = (
				1171499B1F46216A00DFE050 /* Base */,
			);
			name = LaunchScreen.storyboard;
			sourceTree = "<group>";
		};
/* End PBXVariantGroup section */

/* Begin XCBuildConfiguration section */
		1171499E1F46216A00DFE050 /* Debug */ = {
			isa = XCBuildConfiguration;
			buildSettings = {
				ALWAYS_SEARCH_USER_PATHS = NO;
				CLANG_ANALYZER_NONNULL = YES;
				CLANG_CXX_LANGUAGE_STANDARD = "gnu++0x";
				CLANG_CXX_LIBRARY = "libc++";
				CLANG_ENABLE_MODULES = YES;
				CLANG_ENABLE_OBJC_ARC = YES;
				CLANG_WARN_BOOL_CONVERSION = YES;
				CLANG_WARN_CONSTANT_CONVERSION = YES;
				CLANG_WARN_DIRECT_OBJC_ISA_USAGE = YES_ERROR;
				CLANG_WARN_DOCUMENTATION_COMMENTS = YES;
				CLANG_WARN_EMPTY_BODY = YES;
				CLANG_WARN_ENUM_CONVERSION = YES;
				CLANG_WARN_INFINITE_RECURSION = YES;
				CLANG_WARN_INT_CONVERSION = YES;
				CLANG_WARN_OBJC_ROOT_CLASS = YES_ERROR;
				CLANG_WARN_SUSPICIOUS_MOVE = YES;
				CLANG_WARN_UNREACHABLE_CODE = YES;
				CLANG_WARN__DUPLICATE_METHOD_MATCH = YES;
				"CODE_SIGN_IDENTITY[sdk=iphoneos*]" = "iPhone Developer";
				COPY_PHASE_STRIP = NO;
				DEBUG_INFORMATION_FORMAT = dwarf;
				ENABLE_STRICT_OBJC_MSGSEND = YES;
				ENABLE_TESTABILITY = YES;
				GCC_C_LANGUAGE_STANDARD = gnu99;
				GCC_DYNAMIC_NO_PIC = NO;
				GCC_NO_COMMON_BLOCKS = YES;
				GCC_OPTIMIZATION_LEVEL = 0;
				GCC_PREPROCESSOR_DEFINITIONS = (
					"DEBUG=1",
					"$(inherited)",
				);
				GCC_WARN_64_TO_32_BIT_CONVERSION = YES;
				GCC_WARN_ABOUT_RETURN_TYPE = YES_ERROR;
				GCC_WARN_UNDECLARED_SELECTOR = YES;
				GCC_WARN_UNINITIALIZED_AUTOS = YES_AGGRESSIVE;
				GCC_WARN_UNUSED_FUNCTION = YES;
				GCC_WARN_UNUSED_VARIABLE = YES;
				IPHONEOS_DEPLOYMENT_TARGET = 10.2;
				MTL_ENABLE_DEBUG_INFO = YES;
				ONLY_ACTIVE_ARCH = YES;
				SDKROOT = iphoneos;
			};
			name = Debug;
		};
		1171499F1F46216A00DFE050 /* Release */ = {
			isa = XCBuildConfiguration;
			buildSettings = {
				ALWAYS_SEARCH_USER_PATHS = NO;
				CLANG_ANALYZER_NONNULL = YES;
				CLANG_CXX_LANGUAGE_STANDARD = "gnu++0x";
				CLANG_CXX_LIBRARY = "libc++";
				CLANG_ENABLE_MODULES = YES;
				CLANG_ENABLE_OBJC_ARC = YES;
				CLANG_WARN_BOOL_CONVERSION = YES;
				CLANG_WARN_CONSTANT_CONVERSION = YES;
				CLANG_WARN_DIRECT_OBJC_ISA_USAGE = YES_ERROR;
				CLANG_WARN_DOCUMENTATION_COMMENTS = YES;
				CLANG_WARN_EMPTY_BODY = YES;
				CLANG_WARN_ENUM_CONVERSION = YES;
				CLANG_WARN_INFINITE_RECURSION = YES;
				CLANG_WARN_INT_CONVERSION = YES;
				CLANG_WARN_OBJC_ROOT_CLASS = YES_ERROR;
				CLANG_WARN_SUSPICIOUS_MOVE = YES;
				CLANG_WARN_UNREACHABLE_CODE = YES;
				CLANG_WARN__DUPLICATE_METHOD_MATCH = YES;
				"CODE_SIGN_IDENTITY[sdk=iphoneos*]" = "iPhone Developer";
				COPY_PHASE_STRIP = NO;
				DEBUG_INFORMATION_FORMAT = "dwarf-with-dsym";
				ENABLE_NS_ASSERTIONS = NO;
				ENABLE_STRICT_OBJC_MSGSEND = YES;
				GCC_C_LANGUAGE_STANDARD = gnu99;
				GCC_NO_COMMON_BLOCKS = YES;
				GCC_WARN_64_TO_32_BIT_CONVERSION = YES;
				GCC_WARN_ABOUT_RETURN_TYPE = YES_ERROR;
				GCC_WARN_UNDECLARED_SELECTOR = YES;
				GCC_WARN_UNINITIALIZED_AUTOS = YES_AGGRESSIVE;
				GCC_WARN_UNUSED_FUNCTION = YES;
				GCC_WARN_UNUSED_VARIABLE = YES;
				IPHONEOS_DEPLOYMENT_TARGET = 10.2;
				MTL_ENABLE_DEBUG_INFO = NO;
				SDKROOT = iphoneos;
				VALIDATE_PRODUCT = YES;
			};
			name = Release;
		};
		117149A11F46216A00DFE050 /* Debug */ = {
			isa = XCBuildConfiguration;
			buildSettings = {
				ASSETCATALOG_COMPILER_APPICON_NAME = AppIcon;
				INFOPLIST_FILE = Recipts/Info.plist;
				LD_RUNPATH_SEARCH_PATHS = "$(inherited) @executable_path/Frameworks";
				PRODUCT_BUNDLE_IDENTIFIER = z.Receipt;
				PRODUCT_NAME = "$(TARGET_NAME)";
			};
			name = Debug;
		};
		117149A21F46216A00DFE050 /* Release */ = {
			isa = XCBuildConfiguration;
			buildSettings = {
				ASSETCATALOG_COMPILER_APPICON_NAME = AppIcon;
				INFOPLIST_FILE = Recipts/Info.plist;
				LD_RUNPATH_SEARCH_PATHS = "$(inherited) @executable_path/Frameworks";
				PRODUCT_BUNDLE_IDENTIFIER = z.Receipt;
				PRODUCT_NAME = "$(TARGET_NAME)";
			};
			name = Release;
		};
/* End XCBuildConfiguration section */

/* Begin XCConfigurationList section */
		117149811F46216A00DFE050 /* Build configuration list for PBXProject "Recipts" */ = {
			isa = XCConfigurationList;
			buildConfigurations = (
				1171499E1F46216A00DFE050 /* Debug */,
				1171499F1F46216A00DFE050 /* Release */,
			);
			defaultConfigurationIsVisible = 0;
			defaultConfigurationName = Release;
		};
		117149A01F46216A00DFE050 /* Build configuration list for PBXNativeTarget "Recipts" */ = {
			isa = XCConfigurationList;
			buildConfigurations = (
				117149A11F46216A00DFE050 /* Debug */,
				117149A21F46216A00DFE050 /* Release */,
			);
			defaultConfigurationIsVisible = 0;
			defaultConfigurationName = Release;
		};
/* End XCConfigurationList section */

/* Begin XCVersionGroup section */
		1154F51B1F469B7800176245 /* Receipts.xcdatamodeld */ = {
			isa = XCVersionGroup;
			children = (
				1154F51C1F469B7800176245 /* Receipts.xcdatamodel */,
			);
			currentVersion = 1154F51C1F469B7800176245 /* Receipts.xcdatamodel */;
			path = Receipts.xcdatamodeld;
			sourceTree = "<group>";
			versionGroupType = wrapper.xcdatamodel;
		};
/* End XCVersionGroup section */
	};
	rootObject = 1171497E1F46216A00DFE050 /* Project object */;
}
